<?xml version="1.0" encoding="utf-8"?>
<Project ToolsVersion="4.0" xmlns="http://schemas.microsoft.com/developer/msbuild/2003">
  <ItemGroup>
    <Filter Include="Source Files">
      <UniqueIdentifier>{4FC737F1-C7A5-4376-A066-2A32D752A2FF}</UniqueIdentifier>
      <Extensions>cpp;c;cc;cxx;c++;cppm;ixx;def;odl;idl;hpj;bat;asm;asmx</Extensions>
    </Filter>
    <Filter Include="Header Files">
      <UniqueIdentifier>{93995380-89BD-4b04-88EB-625FBE52EBFB}</UniqueIdentifier>
      <Extensions>h;hh;hpp;hxx;h++;hm;inl;inc;ipp;xsd</Extensions>
    </Filter>
    <Filter Include="Source Files\Chess">
      <UniqueIdentifier>{b6ddb072-7f65-4eb1-850d-ed723e0d4ce1}</UniqueIdentifier>
    </Filter>
    <Filter Include="Header Files\Chess">
      <UniqueIdentifier>{671edf0b-f3ba-4afb-a6f2-cb23769cb059}</UniqueIdentifier>
    </Filter>
    <Filter Include="Header Files\Chess\Pieces">
      <UniqueIdentifier>{a941388e-eb83-4d88-a8f9-5a67f32b230b}</UniqueIdentifier>
    </Filter>
    <Filter Include="Source Files\Chess\Pieces">
      <UniqueIdentifier>{251f7d0f-1323-4928-be39-f6d3840beec5}</UniqueIdentifier>
    </Filter>
  </ItemGroup>
  <ItemGroup>
    <ClCompile Include="src\main.cpp">
      <Filter>Source Files</Filter>
    </ClCompile>
    <ClCompile Include="src\Chess\Chess.cpp">
      <Filter>Source Files\Chess</Filter>
    </ClCompile>
    <ClCompile Include="src\Chess\Board.cpp">
      <Filter>Source Files\Chess</Filter>
    </ClCompile>
    <ClCompile Include="src\Chess\Piece.cpp">
      <Filter>Source Files\Chess\Pieces</Filter>
    </ClCompile>
    <ClCompile Include="src\Chess\Rook.cpp">
      <Filter>Source Files\Chess\Pieces</Filter>
    </ClCompile>
    <ClCompile Include="src\Chess\Knight.cpp">
      <Filter>Source Files\Chess\Pieces</Filter>
    </ClCompile>
    <ClCompile Include="src\Chess\Bishop.cpp">
      <Filter>Source Files\Chess\Pieces</Filter>
    </ClCompile>
    <ClCompile Include="src\Chess\Queen.cpp">
      <Filter>Source Files\Chess\Pieces</Filter>
    </ClCompile>
    <ClCompile Include="src\Chess\King.cpp">
      <Filter>Source Files\Chess\Pieces</Filter>
    </ClCompile>
    <ClCompile Include="src\Chess\Pawn.cpp">
      <Filter>Source Files\Chess\Pieces</Filter>
    </ClCompile>
  </ItemGroup>
  <ItemGroup>
    <ClInclude Include="include\Chess\Chess.h">
      <Filter>Header Files\Chess</Filter>
    </ClInclude>
    <ClInclude Include="include\Chess\Board.h">
      <Filter>Header Files\Chess</Filter>
    </ClInclude>
    <ClInclude Include="include\Chess\Piece.h">
      <Filter>Header Files\Chess\Pieces</Filter>
    </ClInclude>
    <ClInclude Include="include\Chess\Rook.h">
      <Filter>Header Files\Chess\Pieces</Filter>
    </ClInclude>
    <ClInclude Include="include\Chess\Knight.h">
      <Filter>Header Files\Chess\Pieces</Filter>
    </ClInclude>
    <ClInclude Include="include\Chess\Bishop.h">
      <Filter>Header Files\Chess\Pieces</Filter>
    </ClInclude>
    <ClInclude Include="include\Chess\Queen.h">
      <Filter>Header Files\Chess\Pieces</Filter>
    </ClInclude>
    <ClInclude Include="include\Chess\King.h">
      <Filter>Header Files\Chess\Pieces</Filter>
    </ClInclude>
    <ClInclude Include="include\Chess\Pawn.h">
      <Filter>Header Files\Chess\Pieces</Filter>
    </ClInclude>
  </ItemGroup>
</Project>